
Microsoft Visual Studio Solution File, Format Version 12.00
# Visual Studio Version 17
VisualStudioVersion = 17.0.31903.59
MinimumVisualStudioVersion = 10.0.40219.1
Project("{2150E333-8FDC-42A3-9474-1A3956D46DE8}") = "services", "services", "{10480A25-890A-4C0F-A110-EDEAFF090853}"
EndProject
Project("{2150E333-8FDC-42A3-9474-1A3956D46DE8}") = "order.api", "order.api", "{A8F4C8D6-0D54-44F2-BF2B-3267213D6CF8}"
EndProject
Project("{FAE04EC0-301F-11D3-BF4B-00C04F79EFBC}") = "Order.API", "services\order.api\Order.API\Order.API.csproj", "{AFA17F25-BE85-4726-BB89-CB334EBB5156}"
EndProject
Global
	GlobalSection(SolutionConfigurationPlatforms) = preSolution
		Debug|Any CPU = Debug|Any CPU
		Release|Any CPU = Release|Any CPU
	EndGlobalSection
	GlobalSection(SolutionProperties) = preSolution
		HideSolutionNode = FALSE
	EndGlobalSection
	GlobalSection(ProjectConfigurationPlatforms) = postSolution
		{AFA17F25-BE85-4726-BB89-CB334EBB5156}.Debug|Any CPU.ActiveCfg = Debug|Any CPU
		{AFA17F25-BE85-4726-BB89-CB334EBB5156}.Debug|Any CPU.Build.0 = Debug|Any CPU
		{AFA17F25-BE85-4726-BB89-CB334EBB5156}.Release|Any CPU.ActiveCfg = Release|Any CPU
		{AFA17F25-BE85-4726-BB89-CB334EBB5156}.Release|Any CPU.Build.0 = Release|Any CPU
	EndGlobalSection
	GlobalSection(NestedProjects) = preSolution
		{A8F4C8D6-0D54-44F2-BF2B-3267213D6CF8} = {10480A25-890A-4C0F-A110-EDEAFF090853}
		{AFA17F25-BE85-4726-BB89-CB334EBB5156} = {A8F4C8D6-0D54-44F2-BF2B-3267213D6CF8}
	EndGlobalSection
EndGlobal
